
Microsoft Visual Studio Solution File, Format Version 12.00
# Visual Studio 2015
Project("{FAE04EC0-301F-11D3-BF4B-00C04F79EFBC}") = "Test3D.CSharp.Plugins", "Test3D.CSharp.Plugins.csproj", "{812AB1D6-A44E-D1B3-6E4D-FBDB2541C8FB}"
EndProject
Project("{FAE04EC0-301F-11D3-BF4B-00C04F79EFBC}") = "Test3D.CSharp", "Test3D.CSharp.csproj", "{ACC43D84-8B49-B442-9A43-14B8F96CE0FA}"
EndProject
Global
	GlobalSection(SolutionConfigurationPlatforms) = preSolution
		Debug|Any CPU = Debug|Any CPU
		Release|Any CPU = Release|Any CPU
	EndGlobalSection
	GlobalSection(ProjectConfigurationPlatforms) = postSolution
		{812AB1D6-A44E-D1B3-6E4D-FBDB2541C8FB}.Debug|Any CPU.ActiveCfg = Debug|Any CPU
		{812AB1D6-A44E-D1B3-6E4D-FBDB2541C8FB}.Debug|Any CPU.Build.0 = Debug|Any CPU
		{812AB1D6-A44E-D1B3-6E4D-FBDB2541C8FB}.Release|Any CPU.ActiveCfg = Release|Any CPU
		{812AB1D6-A44E-D1B3-6E4D-FBDB2541C8FB}.Release|Any CPU.Build.0 = Release|Any CPU
		{ACC43D84-8B49-B442-9A43-14B8F96CE0FA}.Debug|Any CPU.ActiveCfg = Debug|Any CPU
		{ACC43D84-8B49-B442-9A43-14B8F96CE0FA}.Debug|Any CPU.Build.0 = Debug|Any CPU
		{ACC43D84-8B49-B442-9A43-14B8F96CE0FA}.Release|Any CPU.ActiveCfg = Release|Any CPU
		{ACC43D84-8B49-B442-9A43-14B8F96CE0FA}.Release|Any CPU.Build.0 = Release|Any CPU
	EndGlobalSection
	GlobalSection(SolutionProperties) = preSolution
		HideSolutionNode = FALSE
	EndGlobalSection
EndGlobal
